
Microsoft Visual Studio Solution File, Format Version 12.00
# Visual Studio Version 16
VisualStudioVersion = 16.0.30330.147
MinimumVisualStudioVersion = 10.0.40219.1
Project("{9A19103F-16F7-4668-BE54-9A1E7A4F7556}") = "BilibiliLiveRecordDownLoader", "BilibiliLiveRecordDownLoader\BilibiliLiveRecordDownLoader.csproj", "{BF54D295-B8CA-448C-8198-22E1F0867595}"
EndProject
Project("{9A19103F-16F7-4668-BE54-9A1E7A4F7556}") = "UnitTest", "UnitTest\UnitTest.csproj", "{CF5D6AF6-1445-4209-9185-7115B90B8DFB}"
EndProject
Project("{9A19103F-16F7-4668-BE54-9A1E7A4F7556}") = "BilibiliLiveRecordDownLoader.Http", "BilibiliLiveRecordDownLoader.Http\BilibiliLiveRecordDownLoader.Http.csproj", "{48FAF392-BFF5-48D0-8409-2BAC8E2AB312}"
EndProject
Project("{9A19103F-16F7-4668-BE54-9A1E7A4F7556}") = "BilibiliLiveRecordDownLoader.BilibiliApi", "BilibiliLiveRecordDownLoader.BilibiliApi\BilibiliLiveRecordDownLoader.BilibiliApi.csproj", "{495DD80E-FCE7-46C9-B3E3-2DEA6415836D}"
EndProject
Project("{9A19103F-16F7-4668-BE54-9A1E7A4F7556}") = "BilibiliLiveRecordDownLoader.FlvProcessor", "BilibiliLiveRecordDownLoader.FlvProcessor\BilibiliLiveRecordDownLoader.FlvProcessor.csproj", "{730D37CA-5458-4171-ADBB-1D7379B9FD4E}"
EndProject
Global
	GlobalSection(SolutionConfigurationPlatforms) = preSolution
		Debug|Any CPU = Debug|Any CPU
		Release|Any CPU = Release|Any CPU
	EndGlobalSection
	GlobalSection(ProjectConfigurationPlatforms) = postSolution
		{BF54D295-B8CA-448C-8198-22E1F0867595}.Debug|Any CPU.ActiveCfg = Debug|Any CPU
		{BF54D295-B8CA-448C-8198-22E1F0867595}.Debug|Any CPU.Build.0 = Debug|Any CPU
		{BF54D295-B8CA-448C-8198-22E1F0867595}.Release|Any CPU.ActiveCfg = Release|Any CPU
		{BF54D295-B8CA-448C-8198-22E1F0867595}.Release|Any CPU.Build.0 = Release|Any CPU
		{CF5D6AF6-1445-4209-9185-7115B90B8DFB}.Debug|Any CPU.ActiveCfg = Debug|Any CPU
		{CF5D6AF6-1445-4209-9185-7115B90B8DFB}.Debug|Any CPU.Build.0 = Debug|Any CPU
		{CF5D6AF6-1445-4209-9185-7115B90B8DFB}.Release|Any CPU.ActiveCfg = Release|Any CPU
		{CF5D6AF6-1445-4209-9185-7115B90B8DFB}.Release|Any CPU.Build.0 = Release|Any CPU
		{48FAF392-BFF5-48D0-8409-2BAC8E2AB312}.Debug|Any CPU.ActiveCfg = Debug|Any CPU
		{48FAF392-BFF5-48D0-8409-2BAC8E2AB312}.Debug|Any CPU.Build.0 = Debug|Any CPU
		{48FAF392-BFF5-48D0-8409-2BAC8E2AB312}.Release|Any CPU.ActiveCfg = Release|Any CPU
		{48FAF392-BFF5-48D0-8409-2BAC8E2AB312}.Release|Any CPU.Build.0 = Release|Any CPU
		{495DD80E-FCE7-46C9-B3E3-2DEA6415836D}.Debug|Any CPU.ActiveCfg = Debug|Any CPU
		{495DD80E-FCE7-46C9-B3E3-2DEA6415836D}.Debug|Any CPU.Build.0 = Debug|Any CPU
		{495DD80E-FCE7-46C9-B3E3-2DEA6415836D}.Release|Any CPU.ActiveCfg = Release|Any CPU
		{495DD80E-FCE7-46C9-B3E3-2DEA6415836D}.Release|Any CPU.Build.0 = Release|Any CPU
		{730D37CA-5458-4171-ADBB-1D7379B9FD4E}.Debug|Any CPU.ActiveCfg = Debug|Any CPU
		{730D37CA-5458-4171-ADBB-1D7379B9FD4E}.Debug|Any CPU.Build.0 = Debug|Any CPU
		{730D37CA-5458-4171-ADBB-1D7379B9FD4E}.Release|Any CPU.ActiveCfg = Release|Any CPU
		{730D37CA-5458-4171-ADBB-1D7379B9FD4E}.Release|Any CPU.Build.0 = Release|Any CPU
	EndGlobalSection
	GlobalSection(SolutionProperties) = preSolution
		HideSolutionNode = FALSE
	EndGlobalSection
	GlobalSection(ExtensibilityGlobals) = postSolution
		SolutionGuid = {57A75898-3DF9-48A7-A736-DADB650DD460}
	EndGlobalSection
EndGlobal
